// !$*UTF8*$!
{
	archiveVersion = 1;
	classes = {
	};
	objectVersion = 46;
	objects = {

/* Begin PBXBuildFile section */
		128E27121F0DBF4600404797 /* main.cpp in Sources */ = {isa = PBXBuildFile; fileRef = 128E27111F0DBF4600404797 /* main.cpp */; };
		128E271B1F0EF27000404797 /* huffman.cpp in Sources */ = {isa = PBXBuildFile; fileRef = 128E27191F0EF27000404797 /* huffman.cpp */; };
/* End PBXBuildFile section */

/* Begin PBXCopyFilesBuildPhase section */
		128E270C1F0DBF4600404797 /* CopyFiles */ = {
			isa = PBXCopyFilesBuildPhase;
			buildActionMask = 2147483647;
			dstPath = /usr/share/man/man1/;
			dstSubfolderSpec = 0;
			files = (
			);
			runOnlyForDeploymentPostprocessing = 1;
		};
/* End PBXCopyFilesBuildPhase section */

/* Begin PBXFileReference section */
		128E270E1F0DBF4600404797 /* Huffman */ = {isa = PBXFileReference; explicitFileType = "compiled.mach-o.executable"; includeInIndex = 0; path = Huffman; sourceTree = BUILT_PRODUCTS_DIR; };
		128E27111F0DBF4600404797 /* main.cpp */ = {isa = PBXFileReference; lastKnownFileType = sourcecode.cpp.cpp; path = main.cpp; sourceTree = "<group>"; };
		128E27181F0E7F9500404797 /* texto.bin */ = {isa = PBXFileReference; fileEncoding = 4; lastKnownFileType = archive.macbinary; name = texto.bin; path = ../../../Downloads/texto.bin; sourceTree = "<group>"; };
		128E27191F0EF27000404797 /* huffman.cpp */ = {isa = PBXFileReference; fileEncoding = 4; lastKnownFileType = sourcecode.cpp.cpp; path = huffman.cpp; sourceTree = "<group>"; };
/* End PBXFileReference section */

/* Begin PBXFrameworksBuildPhase section */
		128E270B1F0DBF4600404797 /* Frameworks */ = {
			isa = PBXFrameworksBuildPhase;
			buildActionMask = 2147483647;
			files = (
			);
			runOnlyForDeploymentPostprocessing = 0;
		};
/* End PBXFrameworksBuildPhase section */

/* Begin PBXGroup section */
		128E27051F0DBF4600404797 = {
			isa = PBXGroup;
			children = (
				128E27101F0DBF4600404797 /* Huffman */,
				128E270F1F0DBF4600404797 /* Products */,
			);
			sourceTree = "<group>";
		};
		128E270F1F0DBF4600404797 /* Products */ = {
			isa = PBXGroup;
			children = (
				128E270E1F0DBF4600404797 /* Huffman */,
			);
			name = Products;
			sourceTree = "<group>";
		};
		128E27101F0DBF4600404797 /* Huffman */ = {
			isa = PBXGroup;
			children = (
				128E27181F0E7F9500404797 /* texto.bin */,
				128E27111F0DBF4600404797 /* main.cpp */,
				128E27191F0EF27000404797 /* huffman.cpp */,
			);
			path = Huffman;
			sourceTree = "<group>";
		};
/* End PBXGroup section */

/* Begin PBXNativeTarget section */
		128E270D1F0DBF4600404797 /* Huffman */ = {
			isa = PBXNativeTarget;
			buildConfigurationList = 128E27151F0DBF4600404797 /* Build configuration list for PBXNativeTarget "Huffman" */;
			buildPhases = (
				128E270A1F0DBF4600404797 /* Sources */,
				128E270B1F0DBF4600404797 /* Frameworks */,
				128E270C1F0DBF4600404797 /* CopyFiles */,
			);
			buildRules = (
			);
			dependencies = (
			);
			name = Huffman;
			productName = Huffman;
			productReference = 128E270E1F0DBF4600404797 /* Huffman */;
			productType = "com.apple.product-type.tool";
		};
/* End PBXNativeTarget section */

/* Begin PBXProject section */
		128E27061F0DBF4600404797 /* Project object */ = {
			isa = PBXProject;
			attributes = {
				LastUpgradeCheck = 0830;
				ORGANIZATIONNAME = "mateus gomes";
				TargetAttributes = {
					128E270D1F0DBF4600404797 = {
						CreatedOnToolsVersion = 8.3.3;
						DevelopmentTeam = VQH8ZSA3WM;
						ProvisioningStyle = Automatic;
					};
				};
			};
			buildConfigurationList = 128E27091F0DBF4600404797 /* Build configuration list for PBXProject "Huffman" */;
			compatibilityVersion = "Xcode 3.2";
			developmentRegion = English;
			hasScannedForEncodings = 0;
			knownRegions = (
				en,
			);
			mainGroup = 128E27051F0DBF4600404797;
			productRefGroup = 128E270F1F0DBF4600404797 /* Products */;
			projectDirPath = "";
			projectRoot = "";
			targets = (
				128E270D1F0DBF4600404797 /* Huffman */,
			);
		};
/* End PBXProject section */

/* Begin PBXSourcesBuildPhase section */
		128E270A1F0DBF4600404797 /* Sources */ = {
			isa = PBXSourcesBuildPhase;
			buildActionMask = 2147483647;
			files = (
				128E27121F0DBF4600404797 /* main.cpp in Sources */,
				128E271B1F0EF27000404797 /* huffman.cpp in Sources */,
			);
			runOnlyForDeploymentPostprocessing = 0;
		};
/* End PBXSourcesBuildPhase section */

/* Begin XCBuildConfiguration section */
		128E27131F0DBF4600404797 /* Debug */ = {
			isa = XCBuildConfiguration;
			buildSettings = {
				ALWAYS_SEARCH_USER_PATHS = NO;
				CLANG_ANALYZER_NONNULL = YES;
				CLANG_ANALYZER_NUMBER_OBJECT_CONVERSION = YES_AGGRESSIVE;
				CLANG_CXX_LANGUAGE_STANDARD = "gnu++0x";
				CLANG_CXX_LIBRARY = "libc++";
				CLANG_ENABLE_MODULES = YES;
				CLANG_ENABLE_OBJC_ARC = YES;
				CLANG_WARN_BOOL_CONVERSION = YES;
				CLANG_WARN_CONSTANT_CONVERSION = YES;
				CLANG_WARN_DIRECT_OBJC_ISA_USAGE = YES_ERROR;
				CLANG_WARN_DOCUMENTATION_COMMENTS = YES;
				CLANG_WARN_EMPTY_BODY = YES;
				CLANG_WARN_ENUM_CONVERSION = YES;
				CLANG_WARN_INFINITE_RECURSION = YES;
				CLANG_WARN_INT_CONVERSION = YES;
				CLANG_WARN_OBJC_ROOT_CLASS = YES_ERROR;
				CLANG_WARN_SUSPICIOUS_MOVE = YES;
				CLANG_WARN_UNREACHABLE_CODE = YES;
				CLANG_WARN__DUPLICATE_METHOD_MATCH = YES;
				CODE_SIGN_IDENTITY = "-";
				COPY_PHASE_STRIP = NO;
				DEBUG_INFORMATION_FORMAT = dwarf;
				ENABLE_STRICT_OBJC_MSGSEND = YES;
				ENABLE_TESTABILITY = YES;
				GCC_C_LANGUAGE_STANDARD = gnu99;
				GCC_DYNAMIC_NO_PIC = NO;
				GCC_NO_COMMON_BLOCKS = YES;
				GCC_OPTIMIZATION_LEVEL = 0;
				GCC_PREPROCESSOR_DEFINITIONS = (
					"DEBUG=1",
					"$(inherited)",
				);
				GCC_WARN_64_TO_32_BIT_CONVERSION = YES;
				GCC_WARN_ABOUT_RETURN_TYPE = YES_ERROR;
				GCC_WARN_UNDECLARED_SELECTOR = YES;
				GCC_WARN_UNINITIALIZED_AUTOS = YES_AGGRESSIVE;
				GCC_WARN_UNUSED_FUNCTION = YES;
				GCC_WARN_UNUSED_VARIABLE = YES;
				MACOSX_DEPLOYMENT_TARGET = 10.12;
				MTL_ENABLE_DEBUG_INFO = YES;
				ONLY_ACTIVE_ARCH = YES;
				SDKROOT = macosx;
			};
			name = Debug;
		};
		128E27141F0DBF4600404797 /* Release */ = {
			isa = XCBuildConfiguration;
			buildSettings = {
				ALWAYS_SEARCH_USER_PATHS = NO;
				CLANG_ANALYZER_NONNULL = YES;
				CLANG_ANALYZER_NUMBER_OBJECT_CONVERSION = YES_AGGRESSIVE;
				CLANG_CXX_LANGUAGE_STANDARD = "gnu++0x";
				CLANG_CXX_LIBRARY = "libc++";
				CLANG_ENABLE_MODULES = YES;
				CLANG_ENABLE_OBJC_ARC = YES;
				CLANG_WARN_BOOL_CONVERSION = YES;
				CLANG_WARN_CONSTANT_CONVERSION = YES;
				CLANG_WARN_DIRECT_OBJC_ISA_USAGE = YES_ERROR;
				CLANG_WARN_DOCUMENTATION_COMMENTS = YES;
				CLANG_WARN_EMPTY_BODY = YES;
				CLANG_WARN_ENUM_CONVERSION = YES;
				CLANG_WARN_INFINITE_RECURSION = YES;
				CLANG_WARN_INT_CONVERSION = YES;
				CLANG_WARN_OBJC_ROOT_CLASS = YES_ERROR;
				CLANG_WARN_SUSPICIOUS_MOVE = YES;
				CLANG_WARN_UNREACHABLE_CODE = YES;
				CLANG_WARN__DUPLICATE_METHOD_MATCH = YES;
				CODE_SIGN_IDENTITY = "-";
				COPY_PHASE_STRIP = NO;
				DEBUG_INFORMATION_FORMAT = "dwarf-with-dsym";
				ENABLE_NS_ASSERTIONS = NO;
				ENABLE_STRICT_OBJC_MSGSEND = YES;
				GCC_C_LANGUAGE_STANDARD = gnu99;
				GCC_NO_COMMON_BLOCKS = YES;
				GCC_WARN_64_TO_32_BIT_CONVERSION = YES;
				GCC_WARN_ABOUT_RETURN_TYPE = YES_ERROR;
				GCC_WARN_UNDECLARED_SELECTOR = YES;
				GCC_WARN_UNINITIALIZED_AUTOS = YES_AGGRESSIVE;
				GCC_WARN_UNUSED_FUNCTION = YES;
				GCC_WARN_UNUSED_VARIABLE = YES;
				MACOSX_DEPLOYMENT_TARGET = 10.12;
				MTL_ENABLE_DEBUG_INFO = NO;
				SDKROOT = macosx;
			};
			name = Release;
		};
		128E27161F0DBF4600404797 /* Debug */ = {
			isa = XCBuildConfiguration;
			buildSettings = {
				DEVELOPMENT_TEAM = VQH8ZSA3WM;
				PRODUCT_NAME = "$(TARGET_NAME)";
			};
			name = Debug;
		};
		128E27171F0DBF4600404797 /* Release */ = {
			isa = XCBuildConfiguration;
			buildSettings = {
				DEVELOPMENT_TEAM = VQH8ZSA3WM;
				PRODUCT_NAME = "$(TARGET_NAME)";
			};
			name = Release;
		};
/* End XCBuildConfiguration section */

/* Begin XCConfigurationList section */
		128E27091F0DBF4600404797 /* Build configuration list for PBXProject "Huffman" */ = {
			isa = XCConfigurationList;
			buildConfigurations = (
				128E27131F0DBF4600404797 /* Debug */,
				128E27141F0DBF4600404797 /* Release */,
			);
			defaultConfigurationIsVisible = 0;
			defaultConfigurationName = Release;
		};
		128E27151F0DBF4600404797 /* Build configuration list for PBXNativeTarget "Huffman" */ = {
			isa = XCConfigurationList;
			buildConfigurations = (
				128E27161F0DBF4600404797 /* Debug */,
				128E27171F0DBF4600404797 /* Release */,
			);
			defaultConfigurationIsVisible = 0;
		};
/* End XCConfigurationList section */
	};
	rootObject = 128E27061F0DBF4600404797 /* Project object */;
}
